
Microsoft Visual Studio Solution File, Format Version 12.00


Project("{2150E333-8FDC-42A3-9474-1A3956D46DE8}") = "PaymentOrchestrator", "PaymentOrchestrator", "{E61A4B9F-C195-4EC3-93D4-AD7C441C97D9}"
EndProject
Project("{FAE04EC0-301F-11D3-BF4B-00C04F79EFBC}") = "PaymentOrchestrator.Main", "PaymentOrchestratorService\PaymentOrchestrator.Main\PaymentOrchestrator.Main.csproj", "{7777FE6F-A757-4279-A19C-65379C2DFA5F}"
EndProject
Project("{FAE04EC0-301F-11D3-BF4B-00C04F79EFBC}") = "PaymentOrchestrator.Core", "PaymentOrchestratorService\PaymentOrchestrator.Core\PaymentOrchestrator.Core.csproj", "{6ADB0BFA-576A-403C-A201-D7D0888E6E19}"
EndProject
Project("{FAE04EC0-301F-11D3-BF4B-00C04F79EFBC}") = "PaymentOrchestrator.Application", "PaymentOrchestratorService\PaymentOrchestrator.Application\PaymentOrchestrator.Application.csproj", "{ECD50B9C-A1B8-4A40-897C-023D5C1000C3}"
EndProject
Project("{FAE04EC0-301F-11D3-BF4B-00C04F79EFBC}") = "PaymentOrchestrator.Infrastructure", "PaymentOrchestratorService\PaymentOrchestrator.Infrastructure\PaymentOrchestrator.Infrastructure.csproj", "{45C81E94-F6F9-476B-989B-9E620C146589}"
EndProject
Project("{FAE04EC0-301F-11D3-BF4B-00C04F79EFBC}") = "PaymentOrchestrator.DataAccess", "PaymentOrchestratorService\PaymentOrchestrator.DataAccess\PaymentOrchestrator.DataAccess.csproj", "{1678CDF6-2270-410A-A26C-3A3C51B7E4B4}"
EndProject
Project("{FAE04EC0-301F-11D3-BF4B-00C04F79EFBC}") = "PaymentOrchestrator.UnitTests", "PaymentOrchestratorService\PaymentOrchestrator.UnitTests\PaymentOrchestrator.UnitTests.csproj", "{D946E292-127E-4DB9-AD27-8D9CF379E6DD}"
EndProject
Project("{2150E333-8FDC-42A3-9474-1A3956D46DE8}") = "AuthService", "AuthService/AuthService", "{E63952F0-621A-4BCE-B750-108268B80D7C}"
EndProject
Project("{FAE04EC0-301F-11D3-BF4B-00C04F79EFBC}") = "AuthService.Main", "AuthService/AuthService.Main\AuthService.Main.csproj", "{D8652926-A929-483B-A268-00B2A630B496}"
EndProject
Project("{FAE04EC0-301F-11D3-BF4B-00C04F79EFBC}") = "AuthService.DataAccess", "AuthService/AuthService.DataAccess\AuthService.DataAccess.csproj", "{AE0E57B7-0B74-4E4E-9DFA-160683D10286}"
EndProject
Project("{FAE04EC0-301F-11D3-BF4B-00C04F79EFBC}") = "AuthService.Core", "AuthService\AuthService.Core\AuthService.Core.csproj", "{981CA002-F4BB-4DFE-A036-7D4BD3956949}"
EndProject
Project("{FAE04EC0-301F-11D3-BF4B-00C04F79EFBC}") = "AuthService.Application", "AuthService/AuthService.Application\AuthService.Application.csproj", "{9FB2793A-5476-42F1-B4CC-B7E550B4FC43}"
EndProject
Project("{FAE04EC0-301F-11D3-BF4B-00C04F79EFBC}") = "AuthService.UnitTests", "AuthService/AuthService.UnitTests\AuthService.UnitTests.csproj", "{A0971CDA-A965-4B8A-9CE9-8E1E2B0C931D}"
EndProject
Project("{FAE04EC0-301F-11D3-BF4B-00C04F79EFBC}") = "AuthService.Infostructure", "AuthService\AuthService.Infostructure\AuthService.Infostructure.csproj", "{F7CE2D4F-52BD-4F77-86B4-3858BBDEF8D1}"
EndProject
Project("{2150E333-8FDC-42A3-9474-1A3956D46DE8}") = "UserService", "UserService", "{95846674-FD30-4ED7-940E-2BC12A792BFB}"
EndProject
Project("{FAE04EC0-301F-11D3-BF4B-00C04F79EFBC}") = "UserService.Core", "UserService\UserService.Core\UserService.Core.csproj", "{880C8364-6B4C-4A44-ABB7-7DACCF6A3A91}"
EndProject
Project("{FAE04EC0-301F-11D3-BF4B-00C04F79EFBC}") = "UserService.Main", "UserService\UserService.Main\UserService.Main.csproj", "{5AFD73E9-1542-41F2-8835-F63B8DE4B8BC}"
EndProject
Project("{2150E333-8FDC-42A3-9474-1A3956D46DE8}") = "MenuService", "MenuService", "{77BC2B36-0266-4211-A75D-4F1E8EB34FB8}"
EndProject
Project("{FAE04EC0-301F-11D3-BF4B-00C04F79EFBC}") = "MenuService.API", "MenuService/MenuService.API\MenuService.API.csproj", "{65B97344-4C22-433F-9EDF-214AE29B0DDA}"
EndProject
Project("{FAE04EC0-301F-11D3-BF4B-00C04F79EFBC}") = "MenuService.Application", "MenuService/MenuService.Application\MenuService.Application.csproj", "{A3BDBE24-D33A-4195-B739-0CBD2EF99F4D}"
EndProject
Project("{FAE04EC0-301F-11D3-BF4B-00C04F79EFBC}") = "MenuService.Core", "MenuService/MenuService.Core\MenuService.Core.csproj", "{52918BC8-0EB3-4309-9F37-FF435CA8D744}"
EndProject
Project("{FAE04EC0-301F-11D3-BF4B-00C04F79EFBC}") = "MenuService.DataAccess", "MenuService/MenuService.DataAccess\MenuService.DataAccess.csproj", "{DA5B7236-F57E-4E63-BD81-36631DB08525}"
EndProject
Project("{FAE04EC0-301F-11D3-BF4B-00C04F79EFBC}") = "UserService.DataAccess", "UserService\UserService.DataAccess\UserService.DataAccess.csproj", "{C6BC1A55-44FD-4A79-9419-963D9C544ED3}"
EndProject
Project("{FAE04EC0-301F-11D3-BF4B-00C04F79EFBC}") = "UserService.Application", "UserService\UserService.Application\UserService.Application.csproj", "{5B8EB4A5-6323-4B9E-A1C9-3F3497C72DC1}"
EndProject
Project("{FAE04EC0-301F-11D3-BF4B-00C04F79EFBC}") = "UserService.UnitTests", "UserService\UserService.UnitTests\UserService.UnitTests.csproj", "{9328E6D2-10B1-49C3-B5E1-693CCD39B607}"
EndProject
Project("{2150E333-8FDC-42A3-9474-1A3956D46DE8}") = "OrderService", "OrderService", "{74E96023-971B-4AA1-8467-FACA3A89EFD5}"
EndProject

Project("{FAE04EC0-301F-11D3-BF4B-00C04F79EFBC}") = "OrderService.Api", "OrderService\OrderService.Api\OrderService.Api.csproj", "{59A3DAC8-D385-47C7-B6FC-92860A69A544}"
EndProject
Project("{FAE04EC0-301F-11D3-BF4B-00C04F79EFBC}") = "OrderService.Application", "OrderService\OrderService.Application\OrderService.Application.csproj", "{F068143E-42F8-4176-88E3-796B40A61065}"
EndProject
Project("{FAE04EC0-301F-11D3-BF4B-00C04F79EFBC}") = "OrderService.DataAccess", "OrderService\OrderService.DataAccess\OrderService.DataAccess.csproj", "{B0CC410A-29C3-4ECD-A400-63BC17CC7D97}"
EndProject
Project("{FAE04EC0-301F-11D3-BF4B-00C04F79EFBC}") = "OrderService.Domain", "OrderService\OrderService.Domain\OrderService.Domain.csproj", "{01561EC0-82A4-44B0-8F91-704498693DE0}"
EndProject
Project("{2150E333-8FDC-42A3-9474-1A3956D46DE8}") = "CourierService", "CourierService", "{4441B0B7-E366-4678-8EF8-EB1AC84F4B3F}"
EndProject

Project("{FAE04EC0-301F-11D3-BF4B-00C04F79EFBC}") = "CourierService.API", "CourierService/CourierService.API\CourierService.API.csproj", "{704BBBE1-7C51-4794-903C-1667E4BFDCA6}"
EndProject
Project("{FAE04EC0-301F-11D3-BF4B-00C04F79EFBC}") = "CourierService.Core", "CourierService/CourierService.Core\CourierService.Core.csproj", "{FEBC99C4-10E0-41F1-A463-2A24637C3AAA}"
EndProject
Project("{FAE04EC0-301F-11D3-BF4B-00C04F79EFBC}") = "CourierService.Application", "CourierService/CourierService.Application\CourierService.Application.csproj", "{4450CB6B-17A4-4BFC-A414-D8900165905A}"
EndProject
Project("{FAE04EC0-301F-11D3-BF4B-00C04F79EFBC}") = "CourierService.DataAccess", "CourierService/CourierService.DataAccess\CourierService.DataAccess.csproj", "{9B57DBA4-FA71-4675-AA94-944294924810}"
EndProject
Project("{2150E333-8FDC-42A3-9474-1A3956D46DE8}") = "StoreService", "StoreService", "{A2F98243-803A-43E1-945A-C782A2ED67C9}"
EndProject
Project("{FAE04EC0-301F-11D3-BF4B-00C04F79EFBC}") = "StoreService.Main", "StoreService/StoreService.Main\StoreService.Main.csproj", "{DDE743E2-ECA1-47E8-96CA-489214235CE7}"
EndProject
Project("{FAE04EC0-301F-11D3-BF4B-00C04F79EFBC}") = "StoreService.Core", "StoreService\StoreService.Core\StoreService.Core.csproj", "{85564C7A-8081-4DF6-987E-3D56EEF3A387}"
EndProject
Project("{FAE04EC0-301F-11D3-BF4B-00C04F79EFBC}") = "StoreService.Application", "StoreService\StoreService.Application\StoreService.Application.csproj", "{1874CF00-FFA1-4363-8617-BD09ED77E877}"
EndProject
Project("{FAE04EC0-301F-11D3-BF4B-00C04F79EFBC}") = "StoreService.DataAccess", "StoreService\StoreService.DataAccess\StoreService.DataAccess.csproj", "{B804F441-42CA-4175-BF3D-4C7F048A7806}"
EndProject
Project("{FAE04EC0-301F-11D3-BF4B-00C04F79EFBC}") = "StoreService.UnitTest", "StoreService\StoreService.UnitTest\StoreService.UnitTest.csproj", "{113BD5AC-227D-47A6-BE98-470F3A9A8F5F}"
EndProject


Global
	GlobalSection(SolutionConfigurationPlatforms) = preSolution
		Debug|Any CPU = Debug|Any CPU
		Release|Any CPU = Release|Any CPU
	EndGlobalSection
	GlobalSection(ProjectConfigurationPlatforms) = postSolution
		{7777FE6F-A757-4279-A19C-65379C2DFA5F}.Debug|Any CPU.ActiveCfg = Debug|Any CPU
		{7777FE6F-A757-4279-A19C-65379C2DFA5F}.Debug|Any CPU.Build.0 = Debug|Any CPU
		{7777FE6F-A757-4279-A19C-65379C2DFA5F}.Release|Any CPU.ActiveCfg = Release|Any CPU
		{7777FE6F-A757-4279-A19C-65379C2DFA5F}.Release|Any CPU.Build.0 = Release|Any CPU
		{6ADB0BFA-576A-403C-A201-D7D0888E6E19}.Debug|Any CPU.ActiveCfg = Debug|Any CPU
		{6ADB0BFA-576A-403C-A201-D7D0888E6E19}.Debug|Any CPU.Build.0 = Debug|Any CPU
		{6ADB0BFA-576A-403C-A201-D7D0888E6E19}.Release|Any CPU.ActiveCfg = Release|Any CPU
		{6ADB0BFA-576A-403C-A201-D7D0888E6E19}.Release|Any CPU.Build.0 = Release|Any CPU
		{ECD50B9C-A1B8-4A40-897C-023D5C1000C3}.Debug|Any CPU.ActiveCfg = Debug|Any CPU
		{ECD50B9C-A1B8-4A40-897C-023D5C1000C3}.Debug|Any CPU.Build.0 = Debug|Any CPU
		{ECD50B9C-A1B8-4A40-897C-023D5C1000C3}.Release|Any CPU.ActiveCfg = Release|Any CPU
		{ECD50B9C-A1B8-4A40-897C-023D5C1000C3}.Release|Any CPU.Build.0 = Release|Any CPU
		{45C81E94-F6F9-476B-989B-9E620C146589}.Debug|Any CPU.ActiveCfg = Debug|Any CPU
		{45C81E94-F6F9-476B-989B-9E620C146589}.Debug|Any CPU.Build.0 = Debug|Any CPU
		{45C81E94-F6F9-476B-989B-9E620C146589}.Release|Any CPU.ActiveCfg = Release|Any CPU
		{45C81E94-F6F9-476B-989B-9E620C146589}.Release|Any CPU.Build.0 = Release|Any CPU
		{1678CDF6-2270-410A-A26C-3A3C51B7E4B4}.Debug|Any CPU.ActiveCfg = Debug|Any CPU
		{1678CDF6-2270-410A-A26C-3A3C51B7E4B4}.Debug|Any CPU.Build.0 = Debug|Any CPU
		{1678CDF6-2270-410A-A26C-3A3C51B7E4B4}.Release|Any CPU.ActiveCfg = Release|Any CPU
		{1678CDF6-2270-410A-A26C-3A3C51B7E4B4}.Release|Any CPU.Build.0 = Release|Any CPU
		{D946E292-127E-4DB9-AD27-8D9CF379E6DD}.Debug|Any CPU.ActiveCfg = Debug|Any CPU
		{D946E292-127E-4DB9-AD27-8D9CF379E6DD}.Debug|Any CPU.Build.0 = Debug|Any CPU
		{D946E292-127E-4DB9-AD27-8D9CF379E6DD}.Release|Any CPU.ActiveCfg = Release|Any CPU
		{D946E292-127E-4DB9-AD27-8D9CF379E6DD}.Release|Any CPU.Build.0 = Release|Any CPU
		{D8652926-A929-483B-A268-00B2A630B496}.Debug|Any CPU.ActiveCfg = Debug|Any CPU
		{D8652926-A929-483B-A268-00B2A630B496}.Debug|Any CPU.Build.0 = Debug|Any CPU
		{D8652926-A929-483B-A268-00B2A630B496}.Release|Any CPU.ActiveCfg = Release|Any CPU
		{D8652926-A929-483B-A268-00B2A630B496}.Release|Any CPU.Build.0 = Release|Any CPU
		{AE0E57B7-0B74-4E4E-9DFA-160683D10286}.Debug|Any CPU.ActiveCfg = Debug|Any CPU
		{AE0E57B7-0B74-4E4E-9DFA-160683D10286}.Debug|Any CPU.Build.0 = Debug|Any CPU
		{AE0E57B7-0B74-4E4E-9DFA-160683D10286}.Release|Any CPU.ActiveCfg = Release|Any CPU
		{AE0E57B7-0B74-4E4E-9DFA-160683D10286}.Release|Any CPU.Build.0 = Release|Any CPU
		{981CA002-F4BB-4DFE-A036-7D4BD3956949}.Debug|Any CPU.ActiveCfg = Debug|Any CPU
		{981CA002-F4BB-4DFE-A036-7D4BD3956949}.Debug|Any CPU.Build.0 = Debug|Any CPU
		{981CA002-F4BB-4DFE-A036-7D4BD3956949}.Release|Any CPU.ActiveCfg = Release|Any CPU
		{981CA002-F4BB-4DFE-A036-7D4BD3956949}.Release|Any CPU.Build.0 = Release|Any CPU
		{9FB2793A-5476-42F1-B4CC-B7E550B4FC43}.Debug|Any CPU.ActiveCfg = Debug|Any CPU
		{9FB2793A-5476-42F1-B4CC-B7E550B4FC43}.Debug|Any CPU.Build.0 = Debug|Any CPU
		{9FB2793A-5476-42F1-B4CC-B7E550B4FC43}.Release|Any CPU.ActiveCfg = Release|Any CPU
		{9FB2793A-5476-42F1-B4CC-B7E550B4FC43}.Release|Any CPU.Build.0 = Release|Any CPU
		{A0971CDA-A965-4B8A-9CE9-8E1E2B0C931D}.Debug|Any CPU.ActiveCfg = Debug|Any CPU
		{A0971CDA-A965-4B8A-9CE9-8E1E2B0C931D}.Debug|Any CPU.Build.0 = Debug|Any CPU
		{A0971CDA-A965-4B8A-9CE9-8E1E2B0C931D}.Release|Any CPU.ActiveCfg = Release|Any CPU
		{A0971CDA-A965-4B8A-9CE9-8E1E2B0C931D}.Release|Any CPU.Build.0 = Release|Any CPU
		{F7CE2D4F-52BD-4F77-86B4-3858BBDEF8D1}.Debug|Any CPU.ActiveCfg = Debug|Any CPU
		{F7CE2D4F-52BD-4F77-86B4-3858BBDEF8D1}.Debug|Any CPU.Build.0 = Debug|Any CPU
		{F7CE2D4F-52BD-4F77-86B4-3858BBDEF8D1}.Release|Any CPU.ActiveCfg = Release|Any CPU
		{F7CE2D4F-52BD-4F77-86B4-3858BBDEF8D1}.Release|Any CPU.Build.0 = Release|Any CPU
		{880C8364-6B4C-4A44-ABB7-7DACCF6A3A91}.Debug|Any CPU.ActiveCfg = Debug|Any CPU
		{880C8364-6B4C-4A44-ABB7-7DACCF6A3A91}.Debug|Any CPU.Build.0 = Debug|Any CPU
		{880C8364-6B4C-4A44-ABB7-7DACCF6A3A91}.Release|Any CPU.ActiveCfg = Release|Any CPU
		{880C8364-6B4C-4A44-ABB7-7DACCF6A3A91}.Release|Any CPU.Build.0 = Release|Any CPU
		{5AFD73E9-1542-41F2-8835-F63B8DE4B8BC}.Debug|Any CPU.ActiveCfg = Debug|Any CPU
		{5AFD73E9-1542-41F2-8835-F63B8DE4B8BC}.Debug|Any CPU.Build.0 = Debug|Any CPU
		{5AFD73E9-1542-41F2-8835-F63B8DE4B8BC}.Release|Any CPU.ActiveCfg = Release|Any CPU
		{5AFD73E9-1542-41F2-8835-F63B8DE4B8BC}.Release|Any CPU.Build.0 = Release|Any CPU
		{65B97344-4C22-433F-9EDF-214AE29B0DDA}.Debug|Any CPU.ActiveCfg = Debug|Any CPU
		{65B97344-4C22-433F-9EDF-214AE29B0DDA}.Debug|Any CPU.Build.0 = Debug|Any CPU
		{65B97344-4C22-433F-9EDF-214AE29B0DDA}.Release|Any CPU.ActiveCfg = Release|Any CPU
		{65B97344-4C22-433F-9EDF-214AE29B0DDA}.Release|Any CPU.Build.0 = Release|Any CPU
		{A3BDBE24-D33A-4195-B739-0CBD2EF99F4D}.Debug|Any CPU.ActiveCfg = Debug|Any CPU
		{A3BDBE24-D33A-4195-B739-0CBD2EF99F4D}.Debug|Any CPU.Build.0 = Debug|Any CPU
		{A3BDBE24-D33A-4195-B739-0CBD2EF99F4D}.Release|Any CPU.ActiveCfg = Release|Any CPU
		{A3BDBE24-D33A-4195-B739-0CBD2EF99F4D}.Release|Any CPU.Build.0 = Release|Any CPU
		{52918BC8-0EB3-4309-9F37-FF435CA8D744}.Debug|Any CPU.ActiveCfg = Debug|Any CPU
		{52918BC8-0EB3-4309-9F37-FF435CA8D744}.Debug|Any CPU.Build.0 = Debug|Any CPU
		{52918BC8-0EB3-4309-9F37-FF435CA8D744}.Release|Any CPU.ActiveCfg = Release|Any CPU
		{52918BC8-0EB3-4309-9F37-FF435CA8D744}.Release|Any CPU.Build.0 = Release|Any CPU
		{DA5B7236-F57E-4E63-BD81-36631DB08525}.Debug|Any CPU.ActiveCfg = Debug|Any CPU
		{DA5B7236-F57E-4E63-BD81-36631DB08525}.Debug|Any CPU.Build.0 = Debug|Any CPU
		{DA5B7236-F57E-4E63-BD81-36631DB08525}.Release|Any CPU.ActiveCfg = Release|Any CPU
		{DA5B7236-F57E-4E63-BD81-36631DB08525}.Release|Any CPU.Build.0 = Release|Any CPU
		{C6BC1A55-44FD-4A79-9419-963D9C544ED3}.Debug|Any CPU.ActiveCfg = Debug|Any CPU
		{C6BC1A55-44FD-4A79-9419-963D9C544ED3}.Debug|Any CPU.Build.0 = Debug|Any CPU
		{C6BC1A55-44FD-4A79-9419-963D9C544ED3}.Release|Any CPU.ActiveCfg = Release|Any CPU
		{C6BC1A55-44FD-4A79-9419-963D9C544ED3}.Release|Any CPU.Build.0 = Release|Any CPU
		{5B8EB4A5-6323-4B9E-A1C9-3F3497C72DC1}.Debug|Any CPU.ActiveCfg = Debug|Any CPU
		{5B8EB4A5-6323-4B9E-A1C9-3F3497C72DC1}.Debug|Any CPU.Build.0 = Debug|Any CPU
		{5B8EB4A5-6323-4B9E-A1C9-3F3497C72DC1}.Release|Any CPU.ActiveCfg = Release|Any CPU
		{5B8EB4A5-6323-4B9E-A1C9-3F3497C72DC1}.Release|Any CPU.Build.0 = Release|Any CPU
		{9328E6D2-10B1-49C3-B5E1-693CCD39B607}.Debug|Any CPU.ActiveCfg = Debug|Any CPU
		{9328E6D2-10B1-49C3-B5E1-693CCD39B607}.Debug|Any CPU.Build.0 = Debug|Any CPU
		{9328E6D2-10B1-49C3-B5E1-693CCD39B607}.Release|Any CPU.ActiveCfg = Release|Any CPU
		{9328E6D2-10B1-49C3-B5E1-693CCD39B607}.Release|Any CPU.Build.0 = Release|Any CPU
		{59A3DAC8-D385-47C7-B6FC-92860A69A544}.Debug|Any CPU.ActiveCfg = Debug|Any CPU
		{59A3DAC8-D385-47C7-B6FC-92860A69A544}.Debug|Any CPU.Build.0 = Debug|Any CPU
		{59A3DAC8-D385-47C7-B6FC-92860A69A544}.Release|Any CPU.ActiveCfg = Release|Any CPU
		{59A3DAC8-D385-47C7-B6FC-92860A69A544}.Release|Any CPU.Build.0 = Release|Any CPU
		{F068143E-42F8-4176-88E3-796B40A61065}.Debug|Any CPU.ActiveCfg = Debug|Any CPU
		{F068143E-42F8-4176-88E3-796B40A61065}.Debug|Any CPU.Build.0 = Debug|Any CPU
		{F068143E-42F8-4176-88E3-796B40A61065}.Release|Any CPU.ActiveCfg = Release|Any CPU
		{F068143E-42F8-4176-88E3-796B40A61065}.Release|Any CPU.Build.0 = Release|Any CPU
		{01561EC0-82A4-44B0-8F91-704498693DE0}.Debug|Any CPU.ActiveCfg = Debug|Any CPU
		{01561EC0-82A4-44B0-8F91-704498693DE0}.Debug|Any CPU.Build.0 = Debug|Any CPU
		{01561EC0-82A4-44B0-8F91-704498693DE0}.Release|Any CPU.ActiveCfg = Release|Any CPU
		{01561EC0-82A4-44B0-8F91-704498693DE0}.Release|Any CPU.Build.0 = Release|Any CPU
		{B0CC410A-29C3-4ECD-A400-63BC17CC7D97}.Debug|Any CPU.ActiveCfg = Debug|Any CPU
		{B0CC410A-29C3-4ECD-A400-63BC17CC7D97}.Debug|Any CPU.Build.0 = Debug|Any CPU
		{B0CC410A-29C3-4ECD-A400-63BC17CC7D97}.Release|Any CPU.ActiveCfg = Release|Any CPU
		{B0CC410A-29C3-4ECD-A400-63BC17CC7D97}.Release|Any CPU.Build.0 = Release|Any CPU
		{704BBBE1-7C51-4794-903C-1667E4BFDCA6}.Debug|Any CPU.ActiveCfg = Debug|Any CPU
		{704BBBE1-7C51-4794-903C-1667E4BFDCA6}.Debug|Any CPU.Build.0 = Debug|Any CPU
		{704BBBE1-7C51-4794-903C-1667E4BFDCA6}.Release|Any CPU.ActiveCfg = Release|Any CPU
		{704BBBE1-7C51-4794-903C-1667E4BFDCA6}.Release|Any CPU.Build.0 = Release|Any CPU
		{FEBC99C4-10E0-41F1-A463-2A24637C3AAA}.Debug|Any CPU.ActiveCfg = Debug|Any CPU
		{FEBC99C4-10E0-41F1-A463-2A24637C3AAA}.Debug|Any CPU.Build.0 = Debug|Any CPU
		{FEBC99C4-10E0-41F1-A463-2A24637C3AAA}.Release|Any CPU.ActiveCfg = Release|Any CPU
		{FEBC99C4-10E0-41F1-A463-2A24637C3AAA}.Release|Any CPU.Build.0 = Release|Any CPU
		{4450CB6B-17A4-4BFC-A414-D8900165905A}.Debug|Any CPU.ActiveCfg = Debug|Any CPU
		{4450CB6B-17A4-4BFC-A414-D8900165905A}.Debug|Any CPU.Build.0 = Debug|Any CPU
		{4450CB6B-17A4-4BFC-A414-D8900165905A}.Release|Any CPU.ActiveCfg = Release|Any CPU
		{4450CB6B-17A4-4BFC-A414-D8900165905A}.Release|Any CPU.Build.0 = Release|Any CPU
		{9B57DBA4-FA71-4675-AA94-944294924810}.Debug|Any CPU.ActiveCfg = Debug|Any CPU
		{9B57DBA4-FA71-4675-AA94-944294924810}.Debug|Any CPU.Build.0 = Debug|Any CPU
		{9B57DBA4-FA71-4675-AA94-944294924810}.Release|Any CPU.ActiveCfg = Release|Any CPU
		{9B57DBA4-FA71-4675-AA94-944294924810}.Release|Any CPU.Build.0 = Release|Any CPU
		{DDE743E2-ECA1-47E8-96CA-489214235CE7}.Debug|Any CPU.ActiveCfg = Debug|Any CPU
		{DDE743E2-ECA1-47E8-96CA-489214235CE7}.Debug|Any CPU.Build.0 = Debug|Any CPU
		{DDE743E2-ECA1-47E8-96CA-489214235CE7}.Release|Any CPU.ActiveCfg = Release|Any CPU
		{DDE743E2-ECA1-47E8-96CA-489214235CE7}.Release|Any CPU.Build.0 = Release|Any CPU
		{1874CF00-FFA1-4363-8617-BD09ED77E877}.Debug|Any CPU.ActiveCfg = Debug|Any CPU
		{1874CF00-FFA1-4363-8617-BD09ED77E877}.Debug|Any CPU.Build.0 = Debug|Any CPU
		{85564C7A-8081-4DF6-987E-3D56EEF3A387}.Debug|Any CPU.ActiveCfg = Debug|Any CPU
		{85564C7A-8081-4DF6-987E-3D56EEF3A387}.Debug|Any CPU.Build.0 = Debug|Any CPU
		{B804F441-42CA-4175-BF3D-4C7F048A7806}.Debug|Any CPU.ActiveCfg = Debug|Any CPU
		{B804F441-42CA-4175-BF3D-4C7F048A7806}.Debug|Any CPU.Build.0 = Debug|Any CPU
		{113BD5AC-227D-47A6-BE98-470F3A9A8F5F}.Debug|Any CPU.ActiveCfg = Debug|Any CPU
		{113BD5AC-227D-47A6-BE98-470F3A9A8F5F}.Debug|Any CPU.Build.0 = Debug|Any CPU
	EndGlobalSection
	GlobalSection(NestedProjects) = preSolution
		{7777FE6F-A757-4279-A19C-65379C2DFA5F} = {E61A4B9F-C195-4EC3-93D4-AD7C441C97D9}
		{6ADB0BFA-576A-403C-A201-D7D0888E6E19} = {E61A4B9F-C195-4EC3-93D4-AD7C441C97D9}
		{ECD50B9C-A1B8-4A40-897C-023D5C1000C3} = {E61A4B9F-C195-4EC3-93D4-AD7C441C97D9}
		{45C81E94-F6F9-476B-989B-9E620C146589} = {E61A4B9F-C195-4EC3-93D4-AD7C441C97D9}
		{1678CDF6-2270-410A-A26C-3A3C51B7E4B4} = {E61A4B9F-C195-4EC3-93D4-AD7C441C97D9}
		{D946E292-127E-4DB9-AD27-8D9CF379E6DD} = {E61A4B9F-C195-4EC3-93D4-AD7C441C97D9}
		{D8652926-A929-483B-A268-00B2A630B496} = {E63952F0-621A-4BCE-B750-108268B80D7C}
		{AE0E57B7-0B74-4E4E-9DFA-160683D10286} = {E63952F0-621A-4BCE-B750-108268B80D7C}
		{981CA002-F4BB-4DFE-A036-7D4BD3956949} = {E63952F0-621A-4BCE-B750-108268B80D7C}
		{9FB2793A-5476-42F1-B4CC-B7E550B4FC43} = {E63952F0-621A-4BCE-B750-108268B80D7C}
		{A0971CDA-A965-4B8A-9CE9-8E1E2B0C931D} = {E63952F0-621A-4BCE-B750-108268B80D7C}
		{F7CE2D4F-52BD-4F77-86B4-3858BBDEF8D1} = {E63952F0-621A-4BCE-B750-108268B80D7C}
		{880C8364-6B4C-4A44-ABB7-7DACCF6A3A91} = {95846674-FD30-4ED7-940E-2BC12A792BFB}
		{5AFD73E9-1542-41F2-8835-F63B8DE4B8BC} = {95846674-FD30-4ED7-940E-2BC12A792BFB}
		{65B97344-4C22-433F-9EDF-214AE29B0DDA} = {77BC2B36-0266-4211-A75D-4F1E8EB34FB8}
		{A3BDBE24-D33A-4195-B739-0CBD2EF99F4D} = {77BC2B36-0266-4211-A75D-4F1E8EB34FB8}
		{52918BC8-0EB3-4309-9F37-FF435CA8D744} = {77BC2B36-0266-4211-A75D-4F1E8EB34FB8}
		{DA5B7236-F57E-4E63-BD81-36631DB08525} = {77BC2B36-0266-4211-A75D-4F1E8EB34FB8}
		{C6BC1A55-44FD-4A79-9419-963D9C544ED3} = {95846674-FD30-4ED7-940E-2BC12A792BFB}
		{5B8EB4A5-6323-4B9E-A1C9-3F3497C72DC1} = {95846674-FD30-4ED7-940E-2BC12A792BFB}
		{9328E6D2-10B1-49C3-B5E1-693CCD39B607} = {95846674-FD30-4ED7-940E-2BC12A792BFB}
		{59A3DAC8-D385-47C7-B6FC-92860A69A544} = {74E96023-971B-4AA1-8467-FACA3A89EFD5}
		{F068143E-42F8-4176-88E3-796B40A61065} = {74E96023-971B-4AA1-8467-FACA3A89EFD5}
		{01561EC0-82A4-44B0-8F91-704498693DE0} = {74E96023-971B-4AA1-8467-FACA3A89EFD5}
		{B0CC410A-29C3-4ECD-A400-63BC17CC7D97} = {74E96023-971B-4AA1-8467-FACA3A89EFD5}
		{704BBBE1-7C51-4794-903C-1667E4BFDCA6} = {4441B0B7-E366-4678-8EF8-EB1AC84F4B3F}
		{FEBC99C4-10E0-41F1-A463-2A24637C3AAA} = {4441B0B7-E366-4678-8EF8-EB1AC84F4B3F}
		{4450CB6B-17A4-4BFC-A414-D8900165905A} = {4441B0B7-E366-4678-8EF8-EB1AC84F4B3F}
		{9B57DBA4-FA71-4675-AA94-944294924810} = {4441B0B7-E366-4678-8EF8-EB1AC84F4B3F}
		{DDE743E2-ECA1-47E8-96CA-489214235CE7} = {A2F98243-803A-43E1-945A-C782A2ED67C9}
		{1874CF00-FFA1-4363-8617-BD09ED77E877} = {A2F98243-803A-43E1-945A-C782A2ED67C9}
		{85564C7A-8081-4DF6-987E-3D56EEF3A387} = {A2F98243-803A-43E1-945A-C782A2ED67C9}
		{B804F441-42CA-4175-BF3D-4C7F048A7806} = {A2F98243-803A-43E1-945A-C782A2ED67C9}
		{113BD5AC-227D-47A6-BE98-470F3A9A8F5F} = {A2F98243-803A-43E1-945A-C782A2ED67C9}
	EndGlobalSection
EndGlobal
